
Microsoft Visual Studio Solution File, Format Version 10.00
# Visual Studio 2008
Project("{8BC9CEB8-8B4A-11D0-8D11-00A0C91BC942}") = "Client", "Client\Client.vcproj", "{7BE571B2-5DC6-4D0E-ADEE-B12518A57FAF}"
EndProject
Project("{8BC9CEB8-8B4A-11D0-8D11-00A0C91BC942}") = "Server", "Server\server.vcproj", "{5A6E185C-82FC-4A10-A64A-41C261EC0B49}"
	ProjectSection(ProjectDependencies) = postProject
		{9E135C01-3ED9-4BCA-A5E5-9EAA9D1AA9A7} = {9E135C01-3ED9-4BCA-A5E5-9EAA9D1AA9A7}
		{7BE571B2-5DC6-4D0E-ADEE-B12518A57FAF} = {7BE571B2-5DC6-4D0E-ADEE-B12518A57FAF}
	EndProjectSection
EndProject
Project("{8BC9CEB8-8B4A-11D0-8D11-00A0C91BC942}") = "Updater", "Updater\Updater.vcproj", "{9E135C01-3ED9-4BCA-A5E5-9EAA9D1AA9A7}"
EndProject
Global
	GlobalSection(SolutionConfigurationPlatforms) = preSolution
		Debug|Win32 = Debug|Win32
		Release|Win32 = Release|Win32
	EndGlobalSection
	GlobalSection(ProjectConfigurationPlatforms) = postSolution
		{7BE571B2-5DC6-4D0E-ADEE-B12518A57FAF}.Debug|Win32.ActiveCfg = Debug|Win32
		{7BE571B2-5DC6-4D0E-ADEE-B12518A57FAF}.Debug|Win32.Build.0 = Debug|Win32
		{7BE571B2-5DC6-4D0E-ADEE-B12518A57FAF}.Release|Win32.ActiveCfg = Release|Win32
		{7BE571B2-5DC6-4D0E-ADEE-B12518A57FAF}.Release|Win32.Build.0 = Release|Win32
		{5A6E185C-82FC-4A10-A64A-41C261EC0B49}.Debug|Win32.ActiveCfg = Debug|Win32
		{5A6E185C-82FC-4A10-A64A-41C261EC0B49}.Debug|Win32.Build.0 = Debug|Win32
		{5A6E185C-82FC-4A10-A64A-41C261EC0B49}.Release|Win32.ActiveCfg = Release|Win32
		{5A6E185C-82FC-4A10-A64A-41C261EC0B49}.Release|Win32.Build.0 = Release|Win32
		{9E135C01-3ED9-4BCA-A5E5-9EAA9D1AA9A7}.Debug|Win32.ActiveCfg = Debug|Win32
		{9E135C01-3ED9-4BCA-A5E5-9EAA9D1AA9A7}.Debug|Win32.Build.0 = Debug|Win32
		{9E135C01-3ED9-4BCA-A5E5-9EAA9D1AA9A7}.Release|Win32.ActiveCfg = Release|Win32
		{9E135C01-3ED9-4BCA-A5E5-9EAA9D1AA9A7}.Release|Win32.Build.0 = Release|Win32
	EndGlobalSection
	GlobalSection(SolutionProperties) = preSolution
		HideSolutionNode = FALSE
	EndGlobalSection
EndGlobal
